Microsoft Visual Studio Solution File, Format Version 10.00
# Visual Studio 2008
Project("{FAE04EC0-301F-11D3-BF4B-00C04F79EFBC}") = "XtraScheduler_linq", "XtraScheduler_linq\XtraScheduler_linq.csproj", "{9FA95AFF-7D5F-419B-BFDF-41A51A2A9F84}"
EndProject
Project("{2150E333-8FDC-42A3-9474-1A3956D46DE8}") = "Solution Items", "Solution Items", "{542498F4-EE12-49D3-8B31-B38CCE629824}"
	ProjectSection(SolutionItems) = preProject
		..\XtraCars.sql = ..\XtraCars.sql
	EndProjectSection
EndProject
Global
	GlobalSection(SolutionConfigurationPlatforms) = preSolution
		Debug|Any CPU = Debug|Any CPU
		Release|Any CPU = Release|Any CPU
	EndGlobalSection
	GlobalSection(ProjectConfigurationPlatforms) = postSolution
		{9FA95AFF-7D5F-419B-BFDF-41A51A2A9F84}.Debug|Any CPU.ActiveCfg = Debug|Any CPU
		{9FA95AFF-7D5F-419B-BFDF-41A51A2A9F84}.Debug|Any CPU.Build.0 = Debug|Any CPU
		{9FA95AFF-7D5F-419B-BFDF-41A51A2A9F84}.Release|Any CPU.ActiveCfg = Release|Any CPU
		{9FA95AFF-7D5F-419B-BFDF-41A51A2A9F84}.Release|Any CPU.Build.0 = Release|Any CPU
	EndGlobalSection
	GlobalSection(SolutionProperties) = preSolution
		HideSolutionNode = FALSE
	EndGlobalSection
EndGlobal
